
Microsoft Visual Studio Solution File, Format Version 12.00
# Visual Studio 15
VisualStudioVersion = 15.0.33403.129
MinimumVisualStudioVersion = 10.0.40219.1
Project("{FAE04EC0-301F-11D3-BF4B-00C04F79EFBC}") = "Voip", "Voip\Voip.csproj", "{D106BF6C-7AD2-4A3C-B673-6BF852E543FF}"
EndProject
Global
	GlobalSection(SolutionConfigurationPlatforms) = preSolution
		Debug|Any CPU = Debug|Any CPU
		Release|Any CPU = Release|Any CPU
	EndGlobalSection
	GlobalSection(ProjectConfigurationPlatforms) = postSolution
		{D106BF6C-7AD2-4A3C-B673-6BF852E543FF}.Debug|Any CPU.ActiveCfg = Debug|Any CPU
		{D106BF6C-7AD2-4A3C-B673-6BF852E543FF}.Debug|Any CPU.Build.0 = Debug|Any CPU
		{D106BF6C-7AD2-4A3C-B673-6BF852E543FF}.Release|Any CPU.ActiveCfg = Release|Any CPU
		{D106BF6C-7AD2-4A3C-B673-6BF852E543FF}.Release|Any CPU.Build.0 = Release|Any CPU
	EndGlobalSection
	GlobalSection(SolutionProperties) = preSolution
		HideSolutionNode = FALSE
	EndGlobalSection
	GlobalSection(ExtensibilityGlobals) = postSolution
		SolutionGuid = {A657B28C-4FC5-4855-87E4-F7E3388AA137}
	EndGlobalSection
EndGlobal
